<?xml version="1.0" encoding="utf-8"?>
<Project ToolsVersion="4.0" xmlns="http://schemas.microsoft.com/developer/msbuild/2003">
  <ItemGroup>
    <Filter Include="Header Files">
      <UniqueIdentifier>{93995380-89BD-4b04-88EB-625FBE52EBFB}</UniqueIdentifier>
      <Extensions>h;hh;hpp;hxx;h++;hm;inl;inc;ipp;xsd</Extensions>
    </Filter>
    <Filter Include="Resource Files">
      <UniqueIdentifier>{67DA6AB6-F800-4c08-8B7A-83BB121AAD01}</UniqueIdentifier>
      <Extensions>rc;ico;cur;bmp;dlg;rc2;rct;bin;rgs;gif;jpg;jpeg;jpe;resx;tiff;tif;png;wav;mfcribbon-ms</Extensions>
    </Filter>
  </ItemGroup>
  <ItemGroup>
    <None Include="res\shaders\vertex.vs" />
    <None Include="res\shaders\skybox.vs" />
    <None Include="res\shaders\skybox.fs" />
    <None Include="res\shaders\basic.fs" />
    <None Include="res\shaders\basic.vs" />
  </ItemGroup>
  <ItemGroup>
    <ClCompile Include="legacy\IndexBuffer.cpp" />
    <ClCompile Include="src\main.cpp" />
    <ClCompile Include="legacy\Renderer.cpp" />
    <ClCompile Include="legacy\VertexArray.cpp" />
    <ClCompile Include="legacy\VertexBuffer.cpp" />
  </ItemGroup>
  <ItemGroup>
    <ClInclude Include="legacy\IndexBuffer.h">
      <Filter>Header Files</Filter>
    </ClInclude>
    <ClInclude Include="legacy\Renderer.h">
      <Filter>Header Files</Filter>
    </ClInclude>
    <ClInclude Include="legacy\VertexArray.h">
      <Filter>Header Files</Filter>
    </ClInclude>
    <ClInclude Include="legacy\VertexBuffer.h">
      <Filter>Header Files</Filter>
    </ClInclude>
    <ClInclude Include="legacy\VertexBufferLayout.h">
      <Filter>Header Files</Filter>
    </ClInclude>
    <ClInclude Include="src\vendor\stb_image\stb_image.h">
      <Filter>Header Files</Filter>
    </ClInclude>
    <ClInclude Include="legacy\Shader.h">
      <Filter>Header Files</Filter>
    </ClInclude>
    <ClInclude Include="res\shaders\fragment.fs">
      <Filter>Header Files</Filter>
    </ClInclude>
    <ClInclude Include="src\shader_m.h">
      <Filter>Header Files</Filter>
    </ClInclude>
    <ClInclude Include="src\camera.h">
      <Filter>Header Files</Filter>
    </ClInclude>
    <ClInclude Include="src\model.h">
      <Filter>Header Files</Filter>
    </ClInclude>
    <ClInclude Include="src\mesh.h">
      <Filter>Header Files</Filter>
    </ClInclude>
  </ItemGroup>
</Project>